
Microsoft Visual Studio Solution File, Format Version 12.00
# Visual Studio Version 17
VisualStudioVersion = 17.0.32112.339
MinimumVisualStudioVersion = 10.0.40219.1
Project("{9A19103F-16F7-4668-BE54-9A1E7A4F7556}") = "ConsoleApp5", "ConsoleApp5\ConsoleApp5.csproj", "{E3CE31C7-8BB0-4187-ADDB-E1B3667BD55F}"
EndProject
Global
	GlobalSection(SolutionConfigurationPlatforms) = preSolution
		Debug|Any CPU = Debug|Any CPU
		Release|Any CPU = Release|Any CPU
	EndGlobalSection
	GlobalSection(ProjectConfigurationPlatforms) = postSolution
		{E3CE31C7-8BB0-4187-ADDB-E1B3667BD55F}.Debug|Any CPU.ActiveCfg = Debug|Any CPU
		{E3CE31C7-8BB0-4187-ADDB-E1B3667BD55F}.Debug|Any CPU.Build.0 = Debug|Any CPU
		{E3CE31C7-8BB0-4187-ADDB-E1B3667BD55F}.Release|Any CPU.ActiveCfg = Release|Any CPU
		{E3CE31C7-8BB0-4187-ADDB-E1B3667BD55F}.Release|Any CPU.Build.0 = Release|Any CPU
	EndGlobalSection
	GlobalSection(SolutionProperties) = preSolution
		HideSolutionNode = FALSE
	EndGlobalSection
	GlobalSection(ExtensibilityGlobals) = postSolution
		SolutionGuid = {0A38D2A0-F396-45B2-A64E-EAC6D00F4F4B}
	EndGlobalSection
EndGlobal
